<?xml version="1.0" encoding="utf-8"?>
<Project ToolsVersion="4.0" xmlns="http://schemas.microsoft.com/developer/msbuild/2003">
  <ItemGroup>
    <Filter Include="Source Files">
      <UniqueIdentifier>{4FC737F1-C7A5-4376-A066-2A32D752A2FF}</UniqueIdentifier>
      <Extensions>cpp;c;cc;cxx;c++;cppm;ixx;def;odl;idl;hpj;bat;asm;asmx</Extensions>
    </Filter>
    <Filter Include="Header Files">
      <UniqueIdentifier>{93995380-89BD-4b04-88EB-625FBE52EBFB}</UniqueIdentifier>
      <Extensions>h;hh;hpp;hxx;h++;hm;inl;inc;ipp;xsd</Extensions>
    </Filter>
    <Filter Include="Resource Files">
      <UniqueIdentifier>{67DA6AB6-F800-4c08-8B7A-83BB121AAD01}</UniqueIdentifier>
      <Extensions>rc;ico;cur;bmp;dlg;rc2;rct;bin;rgs;gif;jpg;jpeg;jpe;resx;tiff;tif;png;wav;mfcribbon-ms</Extensions>
    </Filter>
    <Filter Include="imgui">
      <UniqueIdentifier>{1e43fc90-8b07-4303-a2b3-7c12d3ed9a69}</UniqueIdentifier>
    </Filter>
  </ItemGroup>
  <ItemGroup>
    <Manifest Include="settings.manifest">
      <Filter>Resource Files</Filter>
    </Manifest>
  </ItemGroup>
  <ItemGroup>
    <ClCompile Include="src\main.cpp">
      <Filter>Source Files</Filter>
    </ClCompile>
    <ClCompile Include="msvc\imgui\imgui.cpp">
      <Filter>imgui</Filter>
    </ClCompile>
    <ClCompile Include="msvc\imgui\imgui_draw.cpp">
      <Filter>imgui</Filter>
    </ClCompile>
    <ClCompile Include="msvc\imgui\imgui_impl_sdl3.cpp">
      <Filter>imgui</Filter>
    </ClCompile>
    <ClCompile Include="msvc\imgui\imgui_impl_sdlrenderer3.cpp">
      <Filter>imgui</Filter>
    </ClCompile>
    <ClCompile Include="msvc\imgui\imgui_tables.cpp">
      <Filter>imgui</Filter>
    </ClCompile>
    <ClCompile Include="msvc\imgui\imgui_widgets.cpp">
      <Filter>imgui</Filter>
    </ClCompile>
    <ClCompile Include="src\app.cpp">
      <Filter>Source Files</Filter>
    </ClCompile>
    <ClCompile Include="src\log.cpp">
      <Filter>Source Files</Filter>
    </ClCompile>
    <ClCompile Include="src\mem.cpp">
      <Filter>Source Files</Filter>
    </ClCompile>
    <ClCompile Include="src\ren_sdl3.cpp">
      <Filter>Source Files</Filter>
    </ClCompile>
    <ClCompile Include="src\ui_imgui.cpp">
      <Filter>Source Files</Filter>
    </ClCompile>
    <ClCompile Include="src\audio_base.cpp">
      <Filter>Source Files</Filter>
    </ClCompile>
    <ClCompile Include="src\audio_sdl2_mixer.cpp">
      <Filter>Source Files</Filter>
    </ClCompile>
    <ClCompile Include="src\playlist.cpp">
      <Filter>Source Files</Filter>
    </ClCompile>
    <ClCompile Include="src\res.cpp">
      <Filter>Source Files</Filter>
    </ClCompile>
    <ClCompile Include="src\upng.cpp">
      <Filter>Source Files</Filter>
    </ClCompile>
    <ClCompile Include="src\image.cpp">
      <Filter>Source Files</Filter>
    </ClCompile>
    <ClCompile Include="src\audio_fmod.cpp">
      <Filter>Source Files</Filter>
    </ClCompile>
    <ClCompile Include="src\audio_bass.cpp">
      <Filter>Source Files</Filter>
    </ClCompile>
    <ClCompile Include="src\control.cpp">
      <Filter>Source Files</Filter>
    </ClCompile>
    <ClCompile Include="src\audio_soloud.cpp">
      <Filter>Source Files</Filter>
    </ClCompile>
    <ClCompile Include="src\ren_opengl3.cpp">
      <Filter>Source Files</Filter>
    </ClCompile>
    <ClCompile Include="msvc\imgui\imgui_impl_opengl3.cpp">
      <Filter>imgui</Filter>
    </ClCompile>
    <ClCompile Include="src\ren_base.cpp">
      <Filter>Source Files</Filter>
    </ClCompile>
    <ClCompile Include="msvc\imgui\imgui_impl_opengl2.cpp">
      <Filter>imgui</Filter>
    </ClCompile>
  </ItemGroup>
  <ItemGroup>
    <ClInclude Include="include\app.hpp">
      <Filter>Header Files</Filter>
    </ClInclude>
    <ClInclude Include="include\mem.hpp">
      <Filter>Header Files</Filter>
    </ClInclude>
    <ClInclude Include="include\new.hpp">
      <Filter>Header Files</Filter>
    </ClInclude>
    <ClInclude Include="include\str.hpp">
      <Filter>Header Files</Filter>
    </ClInclude>
    <ClInclude Include="include\unreachable.hpp">
      <Filter>Header Files</Filter>
    </ClInclude>
    <ClInclude Include="include\break.hpp">
      <Filter>Header Files</Filter>
    </ClInclude>
    <ClInclude Include="include\alloc.hpp">
      <Filter>Header Files</Filter>
    </ClInclude>
    <ClInclude Include="include\log.hpp">
      <Filter>Header Files</Filter>
    </ClInclude>
    <ClInclude Include="include\ren.hpp">
      <Filter>Header Files</Filter>
    </ClInclude>
    <ClInclude Include="include\ui.hpp">
      <Filter>Header Files</Filter>
    </ClInclude>
    <ClInclude Include="include\rect.hpp">
      <Filter>Header Files</Filter>
    </ClInclude>
    <ClInclude Include="include\audio.hpp">
      <Filter>Header Files</Filter>
    </ClInclude>
    <ClInclude Include="include\conf.hpp">
      <Filter>Header Files</Filter>
    </ClInclude>
    <ClInclude Include="include\playlist.hpp">
      <Filter>Header Files</Filter>
    </ClInclude>
    <ClInclude Include="include\vec.hpp">
      <Filter>Header Files</Filter>
    </ClInclude>
    <ClInclude Include="include\util.hpp">
      <Filter>Header Files</Filter>
    </ClInclude>
    <ClInclude Include="include\music.hpp">
      <Filter>Header Files</Filter>
    </ClInclude>
    <ClInclude Include="include\res.hpp">
      <Filter>Header Files</Filter>
    </ClInclude>
    <ClInclude Include="include\set.hpp">
      <Filter>Header Files</Filter>
    </ClInclude>
    <ClInclude Include="include\upng.hpp">
      <Filter>Header Files</Filter>
    </ClInclude>
    <ClInclude Include="include\image.hpp">
      <Filter>Header Files</Filter>
    </ClInclude>
    <ClInclude Include="include\stl.hpp">
      <Filter>Header Files</Filter>
    </ClInclude>
    <ClInclude Include="include\imgui_styles.hpp">
      <Filter>Header Files</Filter>
    </ClInclude>
    <ClInclude Include="include\control.hpp">
      <Filter>Header Files</Filter>
    </ClInclude>
    <ClInclude Include="include\unused.hpp">
      <Filter>Header Files</Filter>
    </ClInclude>
    <ClInclude Include="include\map.hpp">
      <Filter>Header Files</Filter>
    </ClInclude>
  </ItemGroup>
</Project>